# THIS IS AN AUTOGENERATED FILE. DO NOT EDIT THIS FILE DIRECTLY.
# yarn lockfile v1


"@hotwired/stimulus-webpack-helpers@^1.0.0":
  version "1.0.1"
  resolved "https://registry.yarnpkg.com/@hotwired/stimulus-webpack-helpers/-/stimulus-webpack-helpers-1.0.1.tgz#4cd74487adeca576c9865ac2b9fe5cb20cef16dd"
  integrity sha512-wa/zupVG0eWxRYJjC1IiPBdt3Lruv0RqGN+/DTMmUWUyMAEB27KXmVY6a8YpUVTM7QwVuaLNGW4EqDgrS2upXQ==

"@hotwired/stimulus@^3.2.2":
  version "3.2.2"
  resolved "https://registry.yarnpkg.com/@hotwired/stimulus/-/stimulus-3.2.2.tgz#071aab59c600fed95b97939e605ff261a4251608"
  integrity sha512-eGeIqNOQpXoPAIP7tC1+1Yc1yl1xnwYqg+3mzqxyrbE5pg5YFBZcA6YoTiByJB6DKAEsiWtl6tjTJS4IYtbB7A==

"@rails/ujs@^7.1.2":
  version "7.1.2"
  resolved "https://registry.yarnpkg.com/@rails/ujs/-/ujs-7.1.2.tgz#ea903bcc0224e17156015d995b6f1b83e27d64b2"
  integrity sha512-c5x02djEKEVVE4qfN4XgElJS4biM0xxtIVpcJ0ZHLK116U19rowTtmD0AJ/RCb3Xaewa4GPIWLlwgeC0dCQqzw==

"@stencil/core@~2.10.0":
  version "2.10.0"
  resolved "https://registry.yarnpkg.com/@stencil/core/-/core-2.10.0.tgz#acf44b9ae6578a20f0d09bf94296e833beadc885"
  integrity sha512-15rWMTPQ/sp0lSV82HVCXkIya3QLN+uBl7pqK4JnTrp4HiLrzLmNbWjbvgCs55gw0lULbCIGbRIEsFz+Pe/Q+A==

ionicons@^5.0.1:
  version "5.5.4"
  resolved "https://registry.yarnpkg.com/ionicons/-/ionicons-5.5.4.tgz#5fef0c44038a630f5bb5f9a7dc83ec158bab95b1"
  integrity sha512-3ph8X9my3inhabWEZ7N0XRA0MnnNQ1v9a602mLNgWsIXnxE9G5BybIZ/pws/OZZ/hoNlvSjk801N03yL9/FNgQ==
  dependencies:
    "@stencil/core" "~2.10.0"

"@kurkle/color@^0.3.0":
  version "0.3.2"
  resolved "https://registry.yarnpkg.com/@kurkle/color/-/color-0.3.2.tgz#5acd38242e8bde4f9986e7913c8fdf49d3aa199f"
  integrity sha512-fuscdXJ9G1qb7W8VdHi+IwRqij3lBkosAm4ydQtEmbY58OzHXqQhvlxqEkoz0yssNVn38bcpRWgA9PP+OGoisw==

chart.js@^4.4.0:
  version "4.4.0"
  resolved "https://registry.yarnpkg.com/chart.js/-/chart.js-4.4.0.tgz#df843fdd9ec6bd88d7f07e2b95348d221bd2698c"
  integrity sha512-vQEj6d+z0dcsKLlQvbKIMYFHd3t8W/7L2vfJIbYcfyPcRx92CsHqECpueN8qVGNlKyDcr5wBrYAYKnfu/9Q1hQ==
  dependencies:
    "@kurkle/color" "^0.3.0"


stimulus@^3.2.2:
  version "3.2.2"
  resolved "https://registry.yarnpkg.com/stimulus/-/stimulus-3.2.2.tgz#a2e955f43e12e2e5784b175d4df5517ef678aa68"
  integrity sha512-sEGK0ofeMuW+B2oPLTigCqxl47P9vRfZxeqzY5Hk1u0QPWS8DZhW+VOEEyngtzdHM+MutXKGBT8BkUKoA0060Q==
  dependencies:
    "@hotwired/stimulus" "^3.2.2"
    "@hotwired/stimulus-webpack-helpers" "^1.0.0"
